// !$*UTF8*$!
{
	archiveVersion = 1;
	classes = {
	};
	objectVersion = 50;
	objects = {

/* Begin PBXBuildFile section */
		660E252722A918F800D66438 /* AppDelegate.m in Sources */ = {isa = PBXBuildFile; fileRef = 660E252622A918F800D66438 /* AppDelegate.m */; };
		660E252A22A918F800D66438 /* ViewController.m in Sources */ = {isa = PBXBuildFile; fileRef = 660E252922A918F800D66438 /* ViewController.m */; };
		660E252D22A918F800D66438 /* Main.storyboard in Resources */ = {isa = PBXBuildFile; fileRef = 660E252B22A918F800D66438 /* Main.storyboard */; };
		660E252F22A918F900D66438 /* Assets.xcassets in Resources */ = {isa = PBXBuildFile; fileRef = 660E252E22A918F900D66438 /* Assets.xcassets */; };
		660E253222A918F900D66438 /* LaunchScreen.storyboard in Resources */ = {isa = PBXBuildFile; fileRef = 660E253022A918F900D66438 /* LaunchScreen.storyboard */; };
		660E253522A918F900D66438 /* main.m in Sources */ = {isa = PBXBuildFile; fileRef = 660E253422A918F900D66438 /* main.m */; };
		660E253F22A918F900D66438 /* A_CategoryTests.m in Sources */ = {isa = PBXBuildFile; fileRef = 660E253E22A918F900D66438 /* A_CategoryTests.m */; };
		660E254A22A918F900D66438 /* A_CategoryUITests.m in Sources */ = {isa = PBXBuildFile; fileRef = 660E254922A918F900D66438 /* A_CategoryUITests.m */; };
		660E255A22A91C6E00D66438 /* CTMediator+A.m in Sources */ = {isa = PBXBuildFile; fileRef = 660E255922A91C6E00D66438 /* CTMediator+A.m */; };
		A87F519758FFBBDE7DDB6AF9 /* Pods_A_Category.framework in Frameworks */ = {isa = PBXBuildFile; fileRef = FE839E50D1C1BB3BBE1C9CEE /* Pods_A_Category.framework */; };
/* End PBXBuildFile section */

/* Begin PBXContainerItemProxy section */
		660E253B22A918F900D66438 /* PBXContainerItemProxy */ = {
			isa = PBXContainerItemProxy;
			containerPortal = 660E251A22A918F800D66438 /* Project object */;
			proxyType = 1;
			remoteGlobalIDString = 660E252122A918F800D66438;
			remoteInfo = A_Category;
		};
		660E254622A918F900D66438 /* PBXContainerItemProxy */ = {
			isa = PBXContainerItemProxy;
			containerPortal = 660E251A22A918F800D66438 /* Project object */;
			proxyType = 1;
			remoteGlobalIDString = 660E252122A918F800D66438;
			remoteInfo = A_Category;
		};
/* End PBXContainerItemProxy section */

/* Begin PBXFileReference section */
		660E252222A918F800D66438 /* A_Category.app */ = {isa = PBXFileReference; explicitFileType = wrapper.application; includeInIndex = 0; path = A_Category.app; sourceTree = BUILT_PRODUCTS_DIR; };
		660E252522A918F800D66438 /* AppDelegate.h */ = {isa = PBXFileReference; lastKnownFileType = sourcecode.c.h; path = AppDelegate.h; sourceTree = "<group>"; };
		660E252622A918F800D66438 /* AppDelegate.m */ = {isa = PBXFileReference; lastKnownFileType = sourcecode.c.objc; path = AppDelegate.m; sourceTree = "<group>"; };
		660E252822A918F800D66438 /* ViewController.h */ = {isa = PBXFileReference; lastKnownFileType = sourcecode.c.h; path = ViewController.h; sourceTree = "<group>"; };
		660E252922A918F800D66438 /* ViewController.m */ = {isa = PBXFileReference; lastKnownFileType = sourcecode.c.objc; path = ViewController.m; sourceTree = "<group>"; };
		660E252C22A918F800D66438 /* Base */ = {isa = PBXFileReference; lastKnownFileType = file.storyboard; name = Base; path = Base.lproj/Main.storyboard; sourceTree = "<group>"; };
		660E252E22A918F900D66438 /* Assets.xcassets */ = {isa = PBXFileReference; lastKnownFileType = folder.assetcatalog; path = Assets.xcassets; sourceTree = "<group>"; };
		660E253122A918F900D66438 /* Base */ = {isa = PBXFileReference; lastKnownFileType = file.storyboard; name = Base; path = Base.lproj/LaunchScreen.storyboard; sourceTree = "<group>"; };
		660E253322A918F900D66438 /* Info.plist */ = {isa = PBXFileReference; lastKnownFileType = text.plist.xml; path = Info.plist; sourceTree = "<group>"; };
		660E253422A918F900D66438 /* main.m */ = {isa = PBXFileReference; lastKnownFileType = sourcecode.c.objc; path = main.m; sourceTree = "<group>"; };
		660E253A22A918F900D66438 /* A_CategoryTests.xctest */ = {isa = PBXFileReference; explicitFileType = wrapper.cfbundle; includeInIndex = 0; path = A_CategoryTests.xctest; sourceTree = BUILT_PRODUCTS_DIR; };
		660E253E22A918F900D66438 /* A_CategoryTests.m */ = {isa = PBXFileReference; lastKnownFileType = sourcecode.c.objc; path = A_CategoryTests.m; sourceTree = "<group>"; };
		660E254022A918F900D66438 /* Info.plist */ = {isa = PBXFileReference; lastKnownFileType = text.plist.xml; path = Info.plist; sourceTree = "<group>"; };
		660E254522A918F900D66438 /* A_CategoryUITests.xctest */ = {isa = PBXFileReference; explicitFileType = wrapper.cfbundle; includeInIndex = 0; path = A_CategoryUITests.xctest; sourceTree = BUILT_PRODUCTS_DIR; };
		660E254922A918F900D66438 /* A_CategoryUITests.m */ = {isa = PBXFileReference; lastKnownFileType = sourcecode.c.objc; path = A_CategoryUITests.m; sourceTree = "<group>"; };
		660E254B22A918F900D66438 /* Info.plist */ = {isa = PBXFileReference; lastKnownFileType = text.plist.xml; path = Info.plist; sourceTree = "<group>"; };
		660E255822A91C6E00D66438 /* CTMediator+A.h */ = {isa = PBXFileReference; lastKnownFileType = sourcecode.c.h; path = "CTMediator+A.h"; sourceTree = "<group>"; };
		660E255922A91C6E00D66438 /* CTMediator+A.m */ = {isa = PBXFileReference; lastKnownFileType = sourcecode.c.objc; path = "CTMediator+A.m"; sourceTree = "<group>"; };
		86854212B5DEB30E278187CB /* Pods-A_Category.release.xcconfig */ = {isa = PBXFileReference; includeInIndex = 1; lastKnownFileType = text.xcconfig; name = "Pods-A_Category.release.xcconfig"; path = "Target Support Files/Pods-A_Category/Pods-A_Category.release.xcconfig"; sourceTree = "<group>"; };
		9433DC3F403F2B88D9F3F9AD /* Pods-A_Category.debug.xcconfig */ = {isa = PBXFileReference; includeInIndex = 1; lastKnownFileType = text.xcconfig; name = "Pods-A_Category.debug.xcconfig"; path = "Target Support Files/Pods-A_Category/Pods-A_Category.debug.xcconfig"; sourceTree = "<group>"; };
		FE839E50D1C1BB3BBE1C9CEE /* Pods_A_Category.framework */ = {isa = PBXFileReference; explicitFileType = wrapper.framework; includeInIndex = 0; path = Pods_A_Category.framework; sourceTree = BUILT_PRODUCTS_DIR; };
/* End PBXFileReference section */

/* Begin PBXFrameworksBuildPhase section */
		660E251F22A918F800D66438 /* Frameworks */ = {
			isa = PBXFrameworksBuildPhase;
			buildActionMask = 2147483647;
			files = (
				A87F519758FFBBDE7DDB6AF9 /* Pods_A_Category.framework in Frameworks */,
			);
			runOnlyForDeploymentPostprocessing = 0;
		};
		660E253722A918F900D66438 /* Frameworks */ = {
			isa = PBXFrameworksBuildPhase;
			buildActionMask = 2147483647;
			files = (
			);
			runOnlyForDeploymentPostprocessing = 0;
		};
		660E254222A918F900D66438 /* Frameworks */ = {
			isa = PBXFrameworksBuildPhase;
			buildActionMask = 2147483647;
			files = (
			);
			runOnlyForDeploymentPostprocessing = 0;
		};
/* End PBXFrameworksBuildPhase section */

/* Begin PBXGroup section */
		2FFC0E631FA4BF45886751C0 /* Frameworks */ = {
			isa = PBXGroup;
			children = (
				FE839E50D1C1BB3BBE1C9CEE /* Pods_A_Category.framework */,
			);
			name = Frameworks;
			sourceTree = "<group>";
		};
		660E251922A918F800D66438 = {
			isa = PBXGroup;
			children = (
				660E252422A918F800D66438 /* A_Category */,
				660E253D22A918F900D66438 /* A_CategoryTests */,
				660E254822A918F900D66438 /* A_CategoryUITests */,
				660E252322A918F800D66438 /* Products */,
				91B9DBFE8E666DB4F6406E97 /* Pods */,
				2FFC0E631FA4BF45886751C0 /* Frameworks */,
			);
			sourceTree = "<group>";
		};
		660E252322A918F800D66438 /* Products */ = {
			isa = PBXGroup;
			children = (
				660E252222A918F800D66438 /* A_Category.app */,
				660E253A22A918F900D66438 /* A_CategoryTests.xctest */,
				660E254522A918F900D66438 /* A_CategoryUITests.xctest */,
			);
			name = Products;
			sourceTree = "<group>";
		};
		660E252422A918F800D66438 /* A_Category */ = {
			isa = PBXGroup;
			children = (
				660E255722A91C3F00D66438 /* A_Category */,
				660E252522A918F800D66438 /* AppDelegate.h */,
				660E252622A918F800D66438 /* AppDelegate.m */,
				660E252822A918F800D66438 /* ViewController.h */,
				660E252922A918F800D66438 /* ViewController.m */,
				660E252B22A918F800D66438 /* Main.storyboard */,
				660E252E22A918F900D66438 /* Assets.xcassets */,
				660E253022A918F900D66438 /* LaunchScreen.storyboard */,
				660E253322A918F900D66438 /* Info.plist */,
				660E253422A918F900D66438 /* main.m */,
			);
			path = A_Category;
			sourceTree = "<group>";
		};
		660E253D22A918F900D66438 /* A_CategoryTests */ = {
			isa = PBXGroup;
			children = (
				660E253E22A918F900D66438 /* A_CategoryTests.m */,
				660E254022A918F900D66438 /* Info.plist */,
			);
			path = A_CategoryTests;
			sourceTree = "<group>";
		};
		660E254822A918F900D66438 /* A_CategoryUITests */ = {
			isa = PBXGroup;
			children = (
				660E254922A918F900D66438 /* A_CategoryUITests.m */,
				660E254B22A918F900D66438 /* Info.plist */,
			);
			path = A_CategoryUITests;
			sourceTree = "<group>";
		};
		660E255722A91C3F00D66438 /* A_Category */ = {
			isa = PBXGroup;
			children = (
				660E255822A91C6E00D66438 /* CTMediator+A.h */,
				660E255922A91C6E00D66438 /* CTMediator+A.m */,
			);
			path = A_Category;
			sourceTree = "<group>";
		};
		91B9DBFE8E666DB4F6406E97 /* Pods */ = {
			isa = PBXGroup;
			children = (
				9433DC3F403F2B88D9F3F9AD /* Pods-A_Category.debug.xcconfig */,
				86854212B5DEB30E278187CB /* Pods-A_Category.release.xcconfig */,
			);
			path = Pods;
			sourceTree = "<group>";
		};
/* End PBXGroup section */

/* Begin PBXNativeTarget section */
		660E252122A918F800D66438 /* A_Category */ = {
			isa = PBXNativeTarget;
			buildConfigurationList = 660E254E22A918F900D66438 /* Build configuration list for PBXNativeTarget "A_Category" */;
			buildPhases = (
				5874408697CDB2ECC7D9BBB6 /* [CP] Check Pods Manifest.lock */,
				660E251E22A918F800D66438 /* Sources */,
				660E251F22A918F800D66438 /* Frameworks */,
				660E252022A918F800D66438 /* Resources */,
				1E67D56D9CE0A7D81F6EA1EE /* [CP] Embed Pods Frameworks */,
			);
			buildRules = (
			);
			dependencies = (
			);
			name = A_Category;
			productName = A_Category;
			productReference = 660E252222A918F800D66438 /* A_Category.app */;
			productType = "com.apple.product-type.application";
		};
		660E253922A918F900D66438 /* A_CategoryTests */ = {
			isa = PBXNativeTarget;
			buildConfigurationList = 660E255122A918F900D66438 /* Build configuration list for PBXNativeTarget "A_CategoryTests" */;
			buildPhases = (
				660E253622A918F900D66438 /* Sources */,
				660E253722A918F900D66438 /* Frameworks */,
				660E253822A918F900D66438 /* Resources */,
			);
			buildRules = (
			);
			dependencies = (
				660E253C22A918F900D66438 /* PBXTargetDependency */,
			);
			name = A_CategoryTests;
			productName = A_CategoryTests;
			productReference = 660E253A22A918F900D66438 /* A_CategoryTests.xctest */;
			productType = "com.apple.product-type.bundle.unit-test";
		};
		660E254422A918F900D66438 /* A_CategoryUITests */ = {
			isa = PBXNativeTarget;
			buildConfigurationList = 660E255422A918F900D66438 /* Build configuration list for PBXNativeTarget "A_CategoryUITests" */;
			buildPhases = (
				660E254122A918F900D66438 /* Sources */,
				660E254222A918F900D66438 /* Frameworks */,
				660E254322A918F900D66438 /* Resources */,
			);
			buildRules = (
			);
			dependencies = (
				660E254722A918F900D66438 /* PBXTargetDependency */,
			);
			name = A_CategoryUITests;
			productName = A_CategoryUITests;
			productReference = 660E254522A918F900D66438 /* A_CategoryUITests.xctest */;
			productType = "com.apple.product-type.bundle.ui-testing";
		};
/* End PBXNativeTarget section */

/* Begin PBXProject section */
		660E251A22A918F800D66438 /* Project object */ = {
			isa = PBXProject;
			attributes = {
				LastUpgradeCheck = 1020;
				ORGANIZATIONNAME = kyleboy;
				TargetAttributes = {
					660E252122A918F800D66438 = {
						CreatedOnToolsVersion = 10.2.1;
					};
					660E253922A918F900D66438 = {
						CreatedOnToolsVersion = 10.2.1;
						TestTargetID = 660E252122A918F800D66438;
					};
					660E254422A918F900D66438 = {
						CreatedOnToolsVersion = 10.2.1;
						TestTargetID = 660E252122A918F800D66438;
					};
				};
			};
			buildConfigurationList = 660E251D22A918F800D66438 /* Build configuration list for PBXProject "A_Category" */;
			compatibilityVersion = "Xcode 9.3";
			developmentRegion = en;
			hasScannedForEncodings = 0;
			knownRegions = (
				en,
				Base,
			);
			mainGroup = 660E251922A918F800D66438;
			productRefGroup = 660E252322A918F800D66438 /* Products */;
			projectDirPath = "";
			projectRoot = "";
			targets = (
				660E252122A918F800D66438 /* A_Category */,
				660E253922A918F900D66438 /* A_CategoryTests */,
				660E254422A918F900D66438 /* A_CategoryUITests */,
			);
		};
/* End PBXProject section */

/* Begin PBXResourcesBuildPhase section */
		660E252022A918F800D66438 /* Resources */ = {
			isa = PBXResourcesBuildPhase;
			buildActionMask = 2147483647;
			files = (
				660E253222A918F900D66438 /* LaunchScreen.storyboard in Resources */,
				660E252F22A918F900D66438 /* Assets.xcassets in Resources */,
				660E252D22A918F800D66438 /* Main.storyboard in Resources */,
			);
			runOnlyForDeploymentPostprocessing = 0;
		};
		660E253822A918F900D66438 /* Resources */ = {
			isa = PBXResourcesBuildPhase;
			buildActionMask = 2147483647;
			files = (
			);
			runOnlyForDeploymentPostprocessing = 0;
		};
		660E254322A918F900D66438 /* Resources */ = {
			isa = PBXResourcesBuildPhase;
			buildActionMask = 2147483647;
			files = (
			);
			runOnlyForDeploymentPostprocessing = 0;
		};
/* End PBXResourcesBuildPhase section */

/* Begin PBXShellScriptBuildPhase section */
		1E67D56D9CE0A7D81F6EA1EE /* [CP] Embed Pods Frameworks */ = {
			isa = PBXShellScriptBuildPhase;
			buildActionMask = 2147483647;
			files = (
			);
			inputFileListPaths = (
			);
			inputPaths = (
				"${PODS_ROOT}/Target Support Files/Pods-A_Category/Pods-A_Category-frameworks.sh",
				"${BUILT_PRODUCTS_DIR}/CTMediator/CTMediator.framework",
			);
			name = "[CP] Embed Pods Frameworks";
			outputFileListPaths = (
			);
			outputPaths = (
				"${TARGET_BUILD_DIR}/${FRAMEWORKS_FOLDER_PATH}/CTMediator.framework",
			);
			runOnlyForDeploymentPostprocessing = 0;
			shellPath = /bin/sh;
			shellScript = "\"${PODS_ROOT}/Target Support Files/Pods-A_Category/Pods-A_Category-frameworks.sh\"\n";
			showEnvVarsInLog = 0;
		};
		5874408697CDB2ECC7D9BBB6 /* [CP] Check Pods Manifest.lock */ = {
			isa = PBXShellScriptBuildPhase;
			buildActionMask = 2147483647;
			files = (
			);
			inputFileListPaths = (
			);
			inputPaths = (
				"${PODS_PODFILE_DIR_PATH}/Podfile.lock",
				"${PODS_ROOT}/Manifest.lock",
			);
			name = "[CP] Check Pods Manifest.lock";
			outputFileListPaths = (
			);
			outputPaths = (
				"$(DERIVED_FILE_DIR)/Pods-A_Category-checkManifestLockResult.txt",
			);
			runOnlyForDeploymentPostprocessing = 0;
			shellPath = /bin/sh;
			shellScript = "diff \"${PODS_PODFILE_DIR_PATH}/Podfile.lock\" \"${PODS_ROOT}/Manifest.lock\" > /dev/null\nif [ $? != 0 ] ; then\n    # print error to STDERR\n    echo \"error: The sandbox is not in sync with the Podfile.lock. Run 'pod install' or update your CocoaPods installation.\" >&2\n    exit 1\nfi\n# This output is used by Xcode 'outputs' to avoid re-running this script phase.\necho \"SUCCESS\" > \"${SCRIPT_OUTPUT_FILE_0}\"\n";
			showEnvVarsInLog = 0;
		};
/* End PBXShellScriptBuildPhase section */

/* Begin PBXSourcesBuildPhase section */
		660E251E22A918F800D66438 /* Sources */ = {
			isa = PBXSourcesBuildPhase;
			buildActionMask = 2147483647;
			files = (
				660E252A22A918F800D66438 /* ViewController.m in Sources */,
				660E255A22A91C6E00D66438 /* CTMediator+A.m in Sources */,
				660E253522A918F900D66438 /* main.m in Sources */,
				660E252722A918F800D66438 /* AppDelegate.m in Sources */,
			);
			runOnlyForDeploymentPostprocessing = 0;
		};
		660E253622A918F900D66438 /* Sources */ = {
			isa = PBXSourcesBuildPhase;
			buildActionMask = 2147483647;
			files = (
				660E253F22A918F900D66438 /* A_CategoryTests.m in Sources */,
			);
			runOnlyForDeploymentPostprocessing = 0;
		};
		660E254122A918F900D66438 /* Sources */ = {
			isa = PBXSourcesBuildPhase;
			buildActionMask = 2147483647;
			files = (
				660E254A22A918F900D66438 /* A_CategoryUITests.m in Sources */,
			);
			runOnlyForDeploymentPostprocessing = 0;
		};
/* End PBXSourcesBuildPhase section */

/* Begin PBXTargetDependency section */
		660E253C22A918F900D66438 /* PBXTargetDependency */ = {
			isa = PBXTargetDependency;
			target = 660E252122A918F800D66438 /* A_Category */;
			targetProxy = 660E253B22A918F900D66438 /* PBXContainerItemProxy */;
		};
		660E254722A918F900D66438 /* PBXTargetDependency */ = {
			isa = PBXTargetDependency;
			target = 660E252122A918F800D66438 /* A_Category */;
			targetProxy = 660E254622A918F900D66438 /* PBXContainerItemProxy */;
		};
/* End PBXTargetDependency section */

/* Begin PBXVariantGroup section */
		660E252B22A918F800D66438 /* Main.storyboard */ = {
			isa = PBXVariantGroup;
			children = (
				660E252C22A918F800D66438 /* Base */,
			);
			name = Main.storyboard;
			sourceTree = "<group>";
		};
		660E253022A918F900D66438 /* LaunchScreen.storyboard */ = {
			isa = PBXVariantGroup;
			children = (
				660E253122A918F900D66438 /* Base */,
			);
			name = LaunchScreen.storyboard;
			sourceTree = "<group>";
		};
/* End PBXVariantGroup section */

/* Begin XCBuildConfiguration section */
		660E254C22A918F900D66438 /* Debug */ = {
			isa = XCBuildConfiguration;
			buildSettings = {
				ALWAYS_SEARCH_USER_PATHS = NO;
				CLANG_ANALYZER_NONNULL = YES;
				CLANG_ANALYZER_NUMBER_OBJECT_CONVERSION = YES_AGGRESSIVE;
				CLANG_CXX_LANGUAGE_STANDARD = "gnu++14";
				CLANG_CXX_LIBRARY = "libc++";
				CLANG_ENABLE_MODULES = YES;
				CLANG_ENABLE_OBJC_ARC = YES;
				CLANG_ENABLE_OBJC_WEAK = YES;
				CLANG_WARN_BLOCK_CAPTURE_AUTORELEASING = YES;
				CLANG_WARN_BOOL_CONVERSION = YES;
				CLANG_WARN_COMMA = YES;
				CLANG_WARN_CONSTANT_CONVERSION = YES;
				CLANG_WARN_DEPRECATED_OBJC_IMPLEMENTATIONS = YES;
				CLANG_WARN_DIRECT_OBJC_ISA_USAGE = YES_ERROR;
				CLANG_WARN_DOCUMENTATION_COMMENTS = YES;
				CLANG_WARN_EMPTY_BODY = YES;
				CLANG_WARN_ENUM_CONVERSION = YES;
				CLANG_WARN_INFINITE_RECURSION = YES;
				CLANG_WARN_INT_CONVERSION = YES;
				CLANG_WARN_NON_LITERAL_NULL_CONVERSION = YES;
				CLANG_WARN_OBJC_IMPLICIT_RETAIN_SELF = YES;
				CLANG_WARN_OBJC_LITERAL_CONVERSION = YES;
				CLANG_WARN_OBJC_ROOT_CLASS = YES_ERROR;
				CLANG_WARN_RANGE_LOOP_ANALYSIS = YES;
				CLANG_WARN_STRICT_PROTOTYPES = YES;
				CLANG_WARN_SUSPICIOUS_MOVE = YES;
				CLANG_WARN_UNGUARDED_AVAILABILITY = YES_AGGRESSIVE;
				CLANG_WARN_UNREACHABLE_CODE = YES;
				CLANG_WARN__DUPLICATE_METHOD_MATCH = YES;
				CODE_SIGN_IDENTITY = "iPhone Developer";
				COPY_PHASE_STRIP = NO;
				DEBUG_INFORMATION_FORMAT = dwarf;
				ENABLE_STRICT_OBJC_MSGSEND = YES;
				ENABLE_TESTABILITY = YES;
				GCC_C_LANGUAGE_STANDARD = gnu11;
				GCC_DYNAMIC_NO_PIC = NO;
				GCC_NO_COMMON_BLOCKS = YES;
				GCC_OPTIMIZATION_LEVEL = 0;
				GCC_PREPROCESSOR_DEFINITIONS = (
					"DEBUG=1",
					"$(inherited)",
				);
				GCC_WARN_64_TO_32_BIT_CONVERSION = YES;
				GCC_WARN_ABOUT_RETURN_TYPE = YES_ERROR;
				GCC_WARN_UNDECLARED_SELECTOR = YES;
				GCC_WARN_UNINITIALIZED_AUTOS = YES_AGGRESSIVE;
				GCC_WARN_UNUSED_FUNCTION = YES;
				GCC_WARN_UNUSED_VARIABLE = YES;
				IPHONEOS_DEPLOYMENT_TARGET = 12.2;
				MTL_ENABLE_DEBUG_INFO = INCLUDE_SOURCE;
				MTL_FAST_MATH = YES;
				ONLY_ACTIVE_ARCH = YES;
				SDKROOT = iphoneos;
			};
			name = Debug;
		};
		660E254D22A918F900D66438 /* Release */ = {
			isa = XCBuildConfiguration;
			buildSettings = {
				ALWAYS_SEARCH_USER_PATHS = NO;
				CLANG_ANALYZER_NONNULL = YES;
				CLANG_ANALYZER_NUMBER_OBJECT_CONVERSION = YES_AGGRESSIVE;
				CLANG_CXX_LANGUAGE_STANDARD = "gnu++14";
				CLANG_CXX_LIBRARY = "libc++";
				CLANG_ENABLE_MODULES = YES;
				CLANG_ENABLE_OBJC_ARC = YES;
				CLANG_ENABLE_OBJC_WEAK = YES;
				CLANG_WARN_BLOCK_CAPTURE_AUTORELEASING = YES;
				CLANG_WARN_BOOL_CONVERSION = YES;
				CLANG_WARN_COMMA = YES;
				CLANG_WARN_CONSTANT_CONVERSION = YES;
				CLANG_WARN_DEPRECATED_OBJC_IMPLEMENTATIONS = YES;
				CLANG_WARN_DIRECT_OBJC_ISA_USAGE = YES_ERROR;
				CLANG_WARN_DOCUMENTATION_COMMENTS = YES;
				CLANG_WARN_EMPTY_BODY = YES;
				CLANG_WARN_ENUM_CONVERSION = YES;
				CLANG_WARN_INFINITE_RECURSION = YES;
				CLANG_WARN_INT_CONVERSION = YES;
				CLANG_WARN_NON_LITERAL_NULL_CONVERSION = YES;
				CLANG_WARN_OBJC_IMPLICIT_RETAIN_SELF = YES;
				CLANG_WARN_OBJC_LITERAL_CONVERSION = YES;
				CLANG_WARN_OBJC_ROOT_CLASS = YES_ERROR;
				CLANG_WARN_RANGE_LOOP_ANALYSIS = YES;
				CLANG_WARN_STRICT_PROTOTYPES = YES;
				CLANG_WARN_SUSPICIOUS_MOVE = YES;
				CLANG_WARN_UNGUARDED_AVAILABILITY = YES_AGGRESSIVE;
				CLANG_WARN_UNREACHABLE_CODE = YES;
				CLANG_WARN__DUPLICATE_METHOD_MATCH = YES;
				CODE_SIGN_IDENTITY = "iPhone Developer";
				COPY_PHASE_STRIP = NO;
				DEBUG_INFORMATION_FORMAT = "dwarf-with-dsym";
				ENABLE_NS_ASSERTIONS = NO;
				ENABLE_STRICT_OBJC_MSGSEND = YES;
				GCC_C_LANGUAGE_STANDARD = gnu11;
				GCC_NO_COMMON_BLOCKS = YES;
				GCC_WARN_64_TO_32_BIT_CONVERSION = YES;
				GCC_WARN_ABOUT_RETURN_TYPE = YES_ERROR;
				GCC_WARN_UNDECLARED_SELECTOR = YES;
				GCC_WARN_UNINITIALIZED_AUTOS = YES_AGGRESSIVE;
				GCC_WARN_UNUSED_FUNCTION = YES;
				GCC_WARN_UNUSED_VARIABLE = YES;
				IPHONEOS_DEPLOYMENT_TARGET = 12.2;
				MTL_ENABLE_DEBUG_INFO = NO;
				MTL_FAST_MATH = YES;
				SDKROOT = iphoneos;
				VALIDATE_PRODUCT = YES;
			};
			name = Release;
		};
		660E254F22A918F900D66438 /* Debug */ = {
			isa = XCBuildConfiguration;
			baseConfigurationReference = 9433DC3F403F2B88D9F3F9AD /* Pods-A_Category.debug.xcconfig */;
			buildSettings = {
				ASSETCATALOG_COMPILER_APPICON_NAME = AppIcon;
				CODE_SIGN_STYLE = Automatic;
				DEVELOPMENT_TEAM = T35EVU2EFL;
				INFOPLIST_FILE = A_Category/Info.plist;
				LD_RUNPATH_SEARCH_PATHS = (
					"$(inherited)",
					"@executable_path/Frameworks",
				);
				PRODUCT_BUNDLE_IDENTIFIER = "com.kyleboy.A-Category";
				PRODUCT_NAME = "$(TARGET_NAME)";
				TARGETED_DEVICE_FAMILY = "1,2";
			};
			name = Debug;
		};
		660E255022A918F900D66438 /* Release */ = {
			isa = XCBuildConfiguration;
			baseConfigurationReference = 86854212B5DEB30E278187CB /* Pods-A_Category.release.xcconfig */;
			buildSettings = {
				ASSETCATALOG_COMPILER_APPICON_NAME = AppIcon;
				CODE_SIGN_STYLE = Automatic;
				DEVELOPMENT_TEAM = T35EVU2EFL;
				INFOPLIST_FILE = A_Category/Info.plist;
				LD_RUNPATH_SEARCH_PATHS = (
					"$(inherited)",
					"@executable_path/Frameworks",
				);
				PRODUCT_BUNDLE_IDENTIFIER = "com.kyleboy.A-Category";
				PRODUCT_NAME = "$(TARGET_NAME)";
				TARGETED_DEVICE_FAMILY = "1,2";
			};
			name = Release;
		};
		660E255222A918F900D66438 /* Debug */ = {
			isa = XCBuildConfiguration;
			buildSettings = {
				BUNDLE_LOADER = "$(TEST_HOST)";
				CODE_SIGN_STYLE = Automatic;
				DEVELOPMENT_TEAM = T35EVU2EFL;
				INFOPLIST_FILE = A_CategoryTests/Info.plist;
				LD_RUNPATH_SEARCH_PATHS = (
					"$(inherited)",
					"@executable_path/Frameworks",
					"@loader_path/Frameworks",
				);
				PRODUCT_BUNDLE_IDENTIFIER = "com.kyleboy.A-CategoryTests";
				PRODUCT_NAME = "$(TARGET_NAME)";
				TARGETED_DEVICE_FAMILY = "1,2";
				TEST_HOST = "$(BUILT_PRODUCTS_DIR)/A_Category.app/A_Category";
			};
			name = Debug;
		};
		660E255322A918F900D66438 /* Release */ = {
			isa = XCBuildConfiguration;
			buildSettings = {
				BUNDLE_LOADER = "$(TEST_HOST)";
				CODE_SIGN_STYLE = Automatic;
				DEVELOPMENT_TEAM = T35EVU2EFL;
				INFOPLIST_FILE = A_CategoryTests/Info.plist;
				LD_RUNPATH_SEARCH_PATHS = (
					"$(inherited)",
					"@executable_path/Frameworks",
					"@loader_path/Frameworks",
				);
				PRODUCT_BUNDLE_IDENTIFIER = "com.kyleboy.A-CategoryTests";
				PRODUCT_NAME = "$(TARGET_NAME)";
				TARGETED_DEVICE_FAMILY = "1,2";
				TEST_HOST = "$(BUILT_PRODUCTS_DIR)/A_Category.app/A_Category";
			};
			name = Release;
		};
		660E255522A918F900D66438 /* Debug */ = {
			isa = XCBuildConfiguration;
			buildSettings = {
				CODE_SIGN_STYLE = Automatic;
				DEVELOPMENT_TEAM = T35EVU2EFL;
				INFOPLIST_FILE = A_CategoryUITests/Info.plist;
				LD_RUNPATH_SEARCH_PATHS = (
					"$(inherited)",
					"@executable_path/Frameworks",
					"@loader_path/Frameworks",
				);
				PRODUCT_BUNDLE_IDENTIFIER = "com.kyleboy.A-CategoryUITests";
				PRODUCT_NAME = "$(TARGET_NAME)";
				TARGETED_DEVICE_FAMILY = "1,2";
				TEST_TARGET_NAME = A_Category;
			};
			name = Debug;
		};
		660E255622A918F900D66438 /* Release */ = {
			isa = XCBuildConfiguration;
			buildSettings = {
				CODE_SIGN_STYLE = Automatic;
				DEVELOPMENT_TEAM = T35EVU2EFL;
				INFOPLIST_FILE = A_CategoryUITests/Info.plist;
				LD_RUNPATH_SEARCH_PATHS = (
					"$(inherited)",
					"@executable_path/Frameworks",
					"@loader_path/Frameworks",
				);
				PRODUCT_BUNDLE_IDENTIFIER = "com.kyleboy.A-CategoryUITests";
				PRODUCT_NAME = "$(TARGET_NAME)";
				TARGETED_DEVICE_FAMILY = "1,2";
				TEST_TARGET_NAME = A_Category;
			};
			name = Release;
		};
/* End XCBuildConfiguration section */

/* Begin XCConfigurationList section */
		660E251D22A918F800D66438 /* Build configuration list for PBXProject "A_Category" */ = {
			isa = XCConfigurationList;
			buildConfigurations = (
				660E254C22A918F900D66438 /* Debug */,
				660E254D22A918F900D66438 /* Release */,
			);
			defaultConfigurationIsVisible = 0;
			defaultConfigurationName = Release;
		};
		660E254E22A918F900D66438 /* Build configuration list for PBXNativeTarget "A_Category" */ = {
			isa = XCConfigurationList;
			buildConfigurations = (
				660E254F22A918F900D66438 /* Debug */,
				660E255022A918F900D66438 /* Release */,
			);
			defaultConfigurationIsVisible = 0;
			defaultConfigurationName = Release;
		};
		660E255122A918F900D66438 /* Build configuration list for PBXNativeTarget "A_CategoryTests" */ = {
			isa = XCConfigurationList;
			buildConfigurations = (
				660E255222A918F900D66438 /* Debug */,
				660E255322A918F900D66438 /* Release */,
			);
			defaultConfigurationIsVisible = 0;
			defaultConfigurationName = Release;
		};
		660E255422A918F900D66438 /* Build configuration list for PBXNativeTarget "A_CategoryUITests" */ = {
			isa = XCConfigurationList;
			buildConfigurations = (
				660E255522A918F900D66438 /* Debug */,
				660E255622A918F900D66438 /* Release */,
			);
			defaultConfigurationIsVisible = 0;
			defaultConfigurationName = Release;
		};
/* End XCConfigurationList section */
	};
	rootObject = 660E251A22A918F800D66438 /* Project object */;
}
